
Microsoft Visual Studio Solution File, Format Version 12.00
# Visual Studio Version 16
VisualStudioVersion = 16.0.28803.202
MinimumVisualStudioVersion = 10.0.40219.1
Project("{9A19103F-16F7-4668-BE54-9A1E7A4F7556}") = "UC-Parking", "UC-Parking\UC-Parking.csproj", "{35D40762-5E1C-401D-9889-79A3DCD19B5D}"
EndProject
Project("{2150E333-8FDC-42A3-9474-1A3956D46DE8}") = "1. View", "1. View", "{4B34CB03-D0E7-43DE-87FC-6E931E4BB3DF}"
EndProject
Project("{2150E333-8FDC-42A3-9474-1A3956D46DE8}") = "2. WebServices", "2. WebServices", "{98338175-9D2F-45EB-B57B-CA0A28770EF0}"
EndProject
Project("{2150E333-8FDC-42A3-9474-1A3956D46DE8}") = "3. Dominio", "3. Dominio", "{9A61E2F7-D7B4-4CFD-9BC7-55E98790768B}"
EndProject
Project("{2150E333-8FDC-42A3-9474-1A3956D46DE8}") = "4. Persistence", "4. Persistence", "{C9FAB07D-9007-4CFC-A460-10E180931002}"
EndProject
Project("{9A19103F-16F7-4668-BE54-9A1E7A4F7556}") = "UC-Parking-REST-DavueltasControl", "UC-Parking-REST\UC-Parking-REST-DavueltasControl.csproj", "{6508F897-B357-4ABE-9CC1-63CEDC1A101D}"
EndProject
Project("{9A19103F-16F7-4668-BE54-9A1E7A4F7556}") = "UC-Parking-Domain-Contracts", "UC-Parking-Domain-Contracts\UC-Parking-Domain-Contracts.csproj", "{1A92A8BB-FCE7-4721-8B7C-2FA6E3F49CCC}"
EndProject
Project("{9A19103F-16F7-4668-BE54-9A1E7A4F7556}") = "UC-Parking-Domain-Implementation", "UC-Parking-Domain-Implementation\UC-Parking-Domain-Implementation.csproj", "{6D239ED7-50B2-4119-B2E2-787952BE113F}"
EndProject
Project("{9A19103F-16F7-4668-BE54-9A1E7A4F7556}") = "UC-Parking-Persistence-Contracts", "UC-Parking-Persistence-Contracts\UC-Parking-Persistence-Contracts.csproj", "{4C75BCE8-C7A7-484E-8EBE-649CFF3B0D1B}"
EndProject
Project("{2150E333-8FDC-42A3-9474-1A3956D46DE8}") = "DaVueltasfinControl", "DaVueltasfinControl", "{9FE39130-FCFB-4D79-A063-34DF4DF9B224}"
EndProject
Project("{2150E333-8FDC-42A3-9474-1A3956D46DE8}") = "DaVueltasFin", "DaVueltasFin", "{1D2B3B00-657A-4DD9-A706-6F47A49C1020}"
EndProject
Project("{2150E333-8FDC-42A3-9474-1A3956D46DE8}") = "1.View", "1.View", "{64FF9682-ABCB-4C0A-B535-EE70BC3120BF}"
EndProject
Project("{9A19103F-16F7-4668-BE54-9A1E7A4F7556}") = "DaVueltasFin", "DaVueltaFin\UC-Parking\DaVueltasFin.csproj", "{90AD8B5F-8A66-4E01-A539-DB5BF4D0E47E}"
EndProject
Project("{2150E333-8FDC-42A3-9474-1A3956D46DE8}") = "2.WebServices", "2.WebServices", "{5AF3E87D-9F3D-4A9A-9FCA-9DA6DCCCD59C}"
EndProject
Project("{2150E333-8FDC-42A3-9474-1A3956D46DE8}") = "4.Persistencia", "4.Persistencia", "{97971ECA-1ABC-4F83-B8C3-51EB18CAE396}"
EndProject
Project("{2150E333-8FDC-42A3-9474-1A3956D46DE8}") = "Benefactor", "Benefactor", "{71EEFDF4-A260-4433-B45D-893AFAB75B88}"
EndProject
Project("{2150E333-8FDC-42A3-9474-1A3956D46DE8}") = "01.View", "01.View", "{BD3C07ED-1784-4EB5-A49E-06DEA9A72717}"
EndProject
Project("{2150E333-8FDC-42A3-9474-1A3956D46DE8}") = "2.WebServices", "2.WebServices", "{EBDA9DE1-DB9E-4261-ADF2-0AA764E31691}"
EndProject
Project("{2150E333-8FDC-42A3-9474-1A3956D46DE8}") = "3.Dominio", "3.Dominio", "{9955B79A-D3F0-4B31-8270-A53ABA1DDEE4}"
EndProject
Project("{2150E333-8FDC-42A3-9474-1A3956D46DE8}") = "4.Persistencia", "4.Persistencia", "{E0B141F9-9941-480A-AB25-777B60C5A014}"
EndProject
Project("{9A19103F-16F7-4668-BE54-9A1E7A4F7556}") = "DaVueltasFin-REST-DavueltasFin", "DaVueltaFin\UC-Parking-REST\DaVueltasFin-REST-DavueltasFin.csproj", "{DAAE9BDD-8502-4ED7-883B-F41BFAE47126}"
EndProject
Project("{9A19103F-16F7-4668-BE54-9A1E7A4F7556}") = "Contracts", "DaVueltaFin\UC-Parking-Persistence-Contracts\Contracts.csproj", "{30E0B901-14DF-4142-AA07-6B678F3D121E}"
EndProject
Project("{FAE04EC0-301F-11D3-BF4B-00C04F79EFBC}") = "Benefactorweb", "Benefactorweb\Benefactorweb.csproj", "{D3EB8756-1344-4805-82C9-666F9A17B7AA}"
EndProject
Global
	GlobalSection(SolutionConfigurationPlatforms) = preSolution
		Debug|Any CPU = Debug|Any CPU
		Release|Any CPU = Release|Any CPU
	EndGlobalSection
	GlobalSection(ProjectConfigurationPlatforms) = postSolution
		{35D40762-5E1C-401D-9889-79A3DCD19B5D}.Debug|Any CPU.ActiveCfg = Debug|Any CPU
		{35D40762-5E1C-401D-9889-79A3DCD19B5D}.Debug|Any CPU.Build.0 = Debug|Any CPU
		{35D40762-5E1C-401D-9889-79A3DCD19B5D}.Release|Any CPU.ActiveCfg = Release|Any CPU
		{35D40762-5E1C-401D-9889-79A3DCD19B5D}.Release|Any CPU.Build.0 = Release|Any CPU
		{6508F897-B357-4ABE-9CC1-63CEDC1A101D}.Debug|Any CPU.ActiveCfg = Debug|Any CPU
		{6508F897-B357-4ABE-9CC1-63CEDC1A101D}.Debug|Any CPU.Build.0 = Debug|Any CPU
		{6508F897-B357-4ABE-9CC1-63CEDC1A101D}.Release|Any CPU.ActiveCfg = Release|Any CPU
		{6508F897-B357-4ABE-9CC1-63CEDC1A101D}.Release|Any CPU.Build.0 = Release|Any CPU
		{1A92A8BB-FCE7-4721-8B7C-2FA6E3F49CCC}.Debug|Any CPU.ActiveCfg = Debug|Any CPU
		{1A92A8BB-FCE7-4721-8B7C-2FA6E3F49CCC}.Debug|Any CPU.Build.0 = Debug|Any CPU
		{1A92A8BB-FCE7-4721-8B7C-2FA6E3F49CCC}.Release|Any CPU.ActiveCfg = Release|Any CPU
		{1A92A8BB-FCE7-4721-8B7C-2FA6E3F49CCC}.Release|Any CPU.Build.0 = Release|Any CPU
		{6D239ED7-50B2-4119-B2E2-787952BE113F}.Debug|Any CPU.ActiveCfg = Debug|Any CPU
		{6D239ED7-50B2-4119-B2E2-787952BE113F}.Debug|Any CPU.Build.0 = Debug|Any CPU
		{6D239ED7-50B2-4119-B2E2-787952BE113F}.Release|Any CPU.ActiveCfg = Release|Any CPU
		{6D239ED7-50B2-4119-B2E2-787952BE113F}.Release|Any CPU.Build.0 = Release|Any CPU
		{4C75BCE8-C7A7-484E-8EBE-649CFF3B0D1B}.Debug|Any CPU.ActiveCfg = Debug|Any CPU
		{4C75BCE8-C7A7-484E-8EBE-649CFF3B0D1B}.Debug|Any CPU.Build.0 = Debug|Any CPU
		{4C75BCE8-C7A7-484E-8EBE-649CFF3B0D1B}.Release|Any CPU.ActiveCfg = Release|Any CPU
		{4C75BCE8-C7A7-484E-8EBE-649CFF3B0D1B}.Release|Any CPU.Build.0 = Release|Any CPU
		{90AD8B5F-8A66-4E01-A539-DB5BF4D0E47E}.Debug|Any CPU.ActiveCfg = Debug|Any CPU
		{90AD8B5F-8A66-4E01-A539-DB5BF4D0E47E}.Debug|Any CPU.Build.0 = Debug|Any CPU
		{90AD8B5F-8A66-4E01-A539-DB5BF4D0E47E}.Release|Any CPU.ActiveCfg = Release|Any CPU
		{90AD8B5F-8A66-4E01-A539-DB5BF4D0E47E}.Release|Any CPU.Build.0 = Release|Any CPU
		{DAAE9BDD-8502-4ED7-883B-F41BFAE47126}.Debug|Any CPU.ActiveCfg = Debug|Any CPU
		{DAAE9BDD-8502-4ED7-883B-F41BFAE47126}.Debug|Any CPU.Build.0 = Debug|Any CPU
		{DAAE9BDD-8502-4ED7-883B-F41BFAE47126}.Release|Any CPU.ActiveCfg = Release|Any CPU
		{DAAE9BDD-8502-4ED7-883B-F41BFAE47126}.Release|Any CPU.Build.0 = Release|Any CPU
		{30E0B901-14DF-4142-AA07-6B678F3D121E}.Debug|Any CPU.ActiveCfg = Debug|Any CPU
		{30E0B901-14DF-4142-AA07-6B678F3D121E}.Debug|Any CPU.Build.0 = Debug|Any CPU
		{30E0B901-14DF-4142-AA07-6B678F3D121E}.Release|Any CPU.ActiveCfg = Release|Any CPU
		{30E0B901-14DF-4142-AA07-6B678F3D121E}.Release|Any CPU.Build.0 = Release|Any CPU
		{D3EB8756-1344-4805-82C9-666F9A17B7AA}.Debug|Any CPU.ActiveCfg = Debug|Any CPU
		{D3EB8756-1344-4805-82C9-666F9A17B7AA}.Debug|Any CPU.Build.0 = Debug|Any CPU
		{D3EB8756-1344-4805-82C9-666F9A17B7AA}.Release|Any CPU.ActiveCfg = Release|Any CPU
		{D3EB8756-1344-4805-82C9-666F9A17B7AA}.Release|Any CPU.Build.0 = Release|Any CPU
	EndGlobalSection
	GlobalSection(SolutionProperties) = preSolution
		HideSolutionNode = FALSE
	EndGlobalSection
	GlobalSection(NestedProjects) = preSolution
		{35D40762-5E1C-401D-9889-79A3DCD19B5D} = {4B34CB03-D0E7-43DE-87FC-6E931E4BB3DF}
		{4B34CB03-D0E7-43DE-87FC-6E931E4BB3DF} = {9FE39130-FCFB-4D79-A063-34DF4DF9B224}
		{98338175-9D2F-45EB-B57B-CA0A28770EF0} = {9FE39130-FCFB-4D79-A063-34DF4DF9B224}
		{9A61E2F7-D7B4-4CFD-9BC7-55E98790768B} = {9FE39130-FCFB-4D79-A063-34DF4DF9B224}
		{C9FAB07D-9007-4CFC-A460-10E180931002} = {9FE39130-FCFB-4D79-A063-34DF4DF9B224}
		{6508F897-B357-4ABE-9CC1-63CEDC1A101D} = {98338175-9D2F-45EB-B57B-CA0A28770EF0}
		{1A92A8BB-FCE7-4721-8B7C-2FA6E3F49CCC} = {9A61E2F7-D7B4-4CFD-9BC7-55E98790768B}
		{6D239ED7-50B2-4119-B2E2-787952BE113F} = {9A61E2F7-D7B4-4CFD-9BC7-55E98790768B}
		{4C75BCE8-C7A7-484E-8EBE-649CFF3B0D1B} = {C9FAB07D-9007-4CFC-A460-10E180931002}
		{64FF9682-ABCB-4C0A-B535-EE70BC3120BF} = {1D2B3B00-657A-4DD9-A706-6F47A49C1020}
		{90AD8B5F-8A66-4E01-A539-DB5BF4D0E47E} = {64FF9682-ABCB-4C0A-B535-EE70BC3120BF}
		{5AF3E87D-9F3D-4A9A-9FCA-9DA6DCCCD59C} = {1D2B3B00-657A-4DD9-A706-6F47A49C1020}
		{97971ECA-1ABC-4F83-B8C3-51EB18CAE396} = {1D2B3B00-657A-4DD9-A706-6F47A49C1020}
		{BD3C07ED-1784-4EB5-A49E-06DEA9A72717} = {71EEFDF4-A260-4433-B45D-893AFAB75B88}
		{EBDA9DE1-DB9E-4261-ADF2-0AA764E31691} = {71EEFDF4-A260-4433-B45D-893AFAB75B88}
		{9955B79A-D3F0-4B31-8270-A53ABA1DDEE4} = {71EEFDF4-A260-4433-B45D-893AFAB75B88}
		{E0B141F9-9941-480A-AB25-777B60C5A014} = {71EEFDF4-A260-4433-B45D-893AFAB75B88}
		{DAAE9BDD-8502-4ED7-883B-F41BFAE47126} = {5AF3E87D-9F3D-4A9A-9FCA-9DA6DCCCD59C}
		{30E0B901-14DF-4142-AA07-6B678F3D121E} = {97971ECA-1ABC-4F83-B8C3-51EB18CAE396}
		{D3EB8756-1344-4805-82C9-666F9A17B7AA} = {BD3C07ED-1784-4EB5-A49E-06DEA9A72717}
	EndGlobalSection
	GlobalSection(ExtensibilityGlobals) = postSolution
		SolutionGuid = {9616F23C-F4DE-44C1-8509-F1A65E46ABB8}
	EndGlobalSection
EndGlobal
